argparse-addons==0.12.0 --hash=sha256:48b70ecd719054fcb0d7e6f25a1fecc13607aac61d446e83f47d211b4ead0d61
bitstruct==8.23.0 --hash=sha256:cdb634fe38d322ec4832de5163ac4cd7525f5478ece19657ba0ce5839230bedd
cantools==40.7.1 --hash=sha256:a68159cce229581f77aad0b906938682f29ecc9164248c997af80f1d49c073c9
colorzero==2.0 --hash=sha256:0e60d743a6b8071498a56465f7719c96a5e92928f858bab1be2a0d606c9aa0f8
crccheck==1.3.1 --hash=sha256:1680c9a7bb1ca4bec45fa19b8ca64319f10d2ce4eb8b0d25d51cb99a20ca0108
diskcache==5.6.3 --hash=sha256:5e31b2d5fbad117cc363ebaf6b689474db18a1f6438bc82358b024abd4c2ca19
gpiozero==2.0.1.post3 --hash=sha256:d491734803a9bc6036602e6b8bbd73fb25c33da88de0fcd11a40e890b8bc2d3b
packaging==26.3 --hash=sha256:d7193f7c8e4e93f444fde0262bf90af30e16fa0ad0ad44cb553c87339b23cd1c
pip==25.3 --hash=sha256:9655943313a94722b7774661c21049070f6bbb0a1516bf02f7c8d5d9201514cd
pyserial==3.5 --hash=sha256:c4451db6ba391ca6ca299fb3ec7bae67a5c55dde170964c7a14ceefec02f2cf0
python-can==4.6.1 --hash=sha256:17f95255868a95108dcfcb90565a684dad32d5a3ebb35afd14f739e18c84ff6c
pyusb==1.3.1 --hash=sha256:bf9b754557af4717fe80c2b07cc2b923a9151f5c08d17bdb5345dac09d6a0430
setuptools==84.0.0 --hash=sha256:51a52592b3b99e102b609654876bd65f19f999935166d1352678931132b0c670
textparser==0.26.2 --hash=sha256:e14ec4fd58d3515d897196a71f4ccf8d354f5c5c6b87910571b4d250de073c4b
typing_extensions==4.16.0 --hash=sha256:481caa481374e813c1b176ada14e97f1f67a4539ce9cfeb3f350d78d6370c2e8
wrapt==1.17.3 --hash=sha256:7171ae35d2c33d326ac19dd8facb1e82e5fd04ef8c6c0e394d7af55a55051c22
